
Microsoft Visual Studio Solution File, Format Version 12.00
# Visual Studio 15
VisualStudioVersion = 15.0.28307.271
MinimumVisualStudioVersion = 10.0.40219.1
Project("{FAE04EC0-301F-11D3-BF4B-00C04F79EFBC}") = "kizilay", "kizilay\kizilay.csproj", "{E867316E-B1EB-47EE-B17C-1350C657926E}"
EndProject
Project("{FAE04EC0-301F-11D3-BF4B-00C04F79EFBC}") = "Kizilay.DataAccess", "Kizilay.DataAccess\Kizilay.DataAccess.csproj", "{F7F0F36E-A004-4226-8D3D-DC19238AC345}"
EndProject
Project("{FAE04EC0-301F-11D3-BF4B-00C04F79EFBC}") = "Kizilay.Business", "Kizilay.Business\Kizilay.Business.csproj", "{8B007D93-2B18-481D-B2F7-0E396E9FDC38}"
EndProject
Project("{FAE04EC0-301F-11D3-BF4B-00C04F79EFBC}") = "Kizilay.Entities", "Kizilay.Entities\Kizilay.Entities.csproj", "{80D9058F-9A64-4D98-825D-1E15A608FE16}"
EndProject
Project("{FAE04EC0-301F-11D3-BF4B-00C04F79EFBC}") = "Kizilay.Core", "Kizilay.Core\Kizilay.Core.csproj", "{B022489A-D582-4EA4-B493-A6E9C3E395CD}"
EndProject
Global
	GlobalSection(SolutionConfigurationPlatforms) = preSolution
		Debug|Any CPU = Debug|Any CPU
		Debug|x86 = Debug|x86
		Release|Any CPU = Release|Any CPU
		Release|x86 = Release|x86
	EndGlobalSection
	GlobalSection(ProjectConfigurationPlatforms) = postSolution
		{E867316E-B1EB-47EE-B17C-1350C657926E}.Debug|Any CPU.ActiveCfg = Debug|Any CPU
		{E867316E-B1EB-47EE-B17C-1350C657926E}.Debug|Any CPU.Build.0 = Debug|Any CPU
		{E867316E-B1EB-47EE-B17C-1350C657926E}.Debug|x86.ActiveCfg = Debug|x86
		{E867316E-B1EB-47EE-B17C-1350C657926E}.Debug|x86.Build.0 = Debug|x86
		{E867316E-B1EB-47EE-B17C-1350C657926E}.Release|Any CPU.ActiveCfg = Release|Any CPU
		{E867316E-B1EB-47EE-B17C-1350C657926E}.Release|Any CPU.Build.0 = Release|Any CPU
		{E867316E-B1EB-47EE-B17C-1350C657926E}.Release|x86.ActiveCfg = Release|x86
		{E867316E-B1EB-47EE-B17C-1350C657926E}.Release|x86.Build.0 = Release|x86
		{F7F0F36E-A004-4226-8D3D-DC19238AC345}.Debug|Any CPU.ActiveCfg = Debug|Any CPU
		{F7F0F36E-A004-4226-8D3D-DC19238AC345}.Debug|Any CPU.Build.0 = Debug|Any CPU
		{F7F0F36E-A004-4226-8D3D-DC19238AC345}.Debug|x86.ActiveCfg = Debug|Any CPU
		{F7F0F36E-A004-4226-8D3D-DC19238AC345}.Debug|x86.Build.0 = Debug|Any CPU
		{F7F0F36E-A004-4226-8D3D-DC19238AC345}.Release|Any CPU.ActiveCfg = Release|Any CPU
		{F7F0F36E-A004-4226-8D3D-DC19238AC345}.Release|Any CPU.Build.0 = Release|Any CPU
		{F7F0F36E-A004-4226-8D3D-DC19238AC345}.Release|x86.ActiveCfg = Release|Any CPU
		{F7F0F36E-A004-4226-8D3D-DC19238AC345}.Release|x86.Build.0 = Release|Any CPU
		{8B007D93-2B18-481D-B2F7-0E396E9FDC38}.Debug|Any CPU.ActiveCfg = Debug|Any CPU
		{8B007D93-2B18-481D-B2F7-0E396E9FDC38}.Debug|Any CPU.Build.0 = Debug|Any CPU
		{8B007D93-2B18-481D-B2F7-0E396E9FDC38}.Debug|x86.ActiveCfg = Debug|Any CPU
		{8B007D93-2B18-481D-B2F7-0E396E9FDC38}.Debug|x86.Build.0 = Debug|Any CPU
		{8B007D93-2B18-481D-B2F7-0E396E9FDC38}.Release|Any CPU.ActiveCfg = Release|Any CPU
		{8B007D93-2B18-481D-B2F7-0E396E9FDC38}.Release|Any CPU.Build.0 = Release|Any CPU
		{8B007D93-2B18-481D-B2F7-0E396E9FDC38}.Release|x86.ActiveCfg = Release|Any CPU
		{8B007D93-2B18-481D-B2F7-0E396E9FDC38}.Release|x86.Build.0 = Release|Any CPU
		{80D9058F-9A64-4D98-825D-1E15A608FE16}.Debug|Any CPU.ActiveCfg = Debug|Any CPU
		{80D9058F-9A64-4D98-825D-1E15A608FE16}.Debug|Any CPU.Build.0 = Debug|Any CPU
		{80D9058F-9A64-4D98-825D-1E15A608FE16}.Debug|x86.ActiveCfg = Debug|Any CPU
		{80D9058F-9A64-4D98-825D-1E15A608FE16}.Debug|x86.Build.0 = Debug|Any CPU
		{80D9058F-9A64-4D98-825D-1E15A608FE16}.Release|Any CPU.ActiveCfg = Release|Any CPU
		{80D9058F-9A64-4D98-825D-1E15A608FE16}.Release|Any CPU.Build.0 = Release|Any CPU
		{80D9058F-9A64-4D98-825D-1E15A608FE16}.Release|x86.ActiveCfg = Release|Any CPU
		{80D9058F-9A64-4D98-825D-1E15A608FE16}.Release|x86.Build.0 = Release|Any CPU
		{B022489A-D582-4EA4-B493-A6E9C3E395CD}.Debug|Any CPU.ActiveCfg = Debug|Any CPU
		{B022489A-D582-4EA4-B493-A6E9C3E395CD}.Debug|Any CPU.Build.0 = Debug|Any CPU
		{B022489A-D582-4EA4-B493-A6E9C3E395CD}.Debug|x86.ActiveCfg = Debug|Any CPU
		{B022489A-D582-4EA4-B493-A6E9C3E395CD}.Debug|x86.Build.0 = Debug|Any CPU
		{B022489A-D582-4EA4-B493-A6E9C3E395CD}.Release|Any CPU.ActiveCfg = Release|Any CPU
		{B022489A-D582-4EA4-B493-A6E9C3E395CD}.Release|Any CPU.Build.0 = Release|Any CPU
		{B022489A-D582-4EA4-B493-A6E9C3E395CD}.Release|x86.ActiveCfg = Release|Any CPU
		{B022489A-D582-4EA4-B493-A6E9C3E395CD}.Release|x86.Build.0 = Release|Any CPU
	EndGlobalSection
	GlobalSection(SolutionProperties) = preSolution
		HideSolutionNode = FALSE
	EndGlobalSection
	GlobalSection(ExtensibilityGlobals) = postSolution
		SolutionGuid = {52FBF712-E74B-47AF-A578-954F7487DF4E}
	EndGlobalSection
EndGlobal
